// !$*UTF8*$!
{
	archiveVersion = 1;
	classes = {
	};
	objectVersion = 48;
	objects = {

/* Begin PBXBuildFile section */
		D7147D182173A412006E6FA5 /* SceneViewController.swift in Sources */ = {isa = PBXBuildFile; fileRef = D7147D172173A412006E6FA5 /* SceneViewController.swift */; };
		D71C915720DF155C008C8B96 /* Vertex.swift in Sources */ = {isa = PBXBuildFile; fileRef = D71C915620DF155C008C8B96 /* Vertex.swift */; };
		D71C915920DF173F008C8B96 /* Node.swift in Sources */ = {isa = PBXBuildFile; fileRef = D71C915820DF173F008C8B96 /* Node.swift */; };
		D71C915B20DF18FB008C8B96 /* Triangle.swift in Sources */ = {isa = PBXBuildFile; fileRef = D71C915A20DF18FB008C8B96 /* Triangle.swift */; };
		D756A35D20F1D32F0079AEAF /* Rectangle.swift in Sources */ = {isa = PBXBuildFile; fileRef = D756A35C20F1D32F0079AEAF /* Rectangle.swift */; };
		D78F9F9721200B08008634FC /* Matrix.swift in Sources */ = {isa = PBXBuildFile; fileRef = D78F9F9621200B08008634FC /* Matrix.swift */; };
		D7AFF1B921141E2500CF120F /* zelda.png in Resources */ = {isa = PBXBuildFile; fileRef = D7AFF1B821141E2500CF120F /* zelda.png */; };
		D7C7C0FD20E1FE31001CAF70 /* Main.storyboard in Resources */ = {isa = PBXBuildFile; fileRef = D7C7C0FB20E1FE31001CAF70 /* Main.storyboard */; };
		D7C7C0FE20E1FE31001CAF70 /* LaunchScreen.storyboard in Resources */ = {isa = PBXBuildFile; fileRef = D7C7C0FC20E1FE31001CAF70 /* LaunchScreen.storyboard */; };
		D7D9B9EB202587C0000C79B7 /* AppDelegate.swift in Sources */ = {isa = PBXBuildFile; fileRef = D7D9B9EA202587C0000C79B7 /* AppDelegate.swift */; };
		D7D9B9ED202587C0000C79B7 /* MetalViewController.swift in Sources */ = {isa = PBXBuildFile; fileRef = D7D9B9EC202587C0000C79B7 /* MetalViewController.swift */; };
		D7D9B9FD20258F93000C79B7 /* Shaders.metal in Sources */ = {isa = PBXBuildFile; fileRef = D7D9B9FC20258F93000C79B7 /* Shaders.metal */; };
/* End PBXBuildFile section */

/* Begin PBXFileReference section */
		D7147D172173A412006E6FA5 /* SceneViewController.swift */ = {isa = PBXFileReference; lastKnownFileType = sourcecode.swift; path = SceneViewController.swift; sourceTree = "<group>"; };
		D71C915620DF155C008C8B96 /* Vertex.swift */ = {isa = PBXFileReference; lastKnownFileType = sourcecode.swift; path = Vertex.swift; sourceTree = "<group>"; };
		D71C915820DF173F008C8B96 /* Node.swift */ = {isa = PBXFileReference; lastKnownFileType = sourcecode.swift; path = Node.swift; sourceTree = "<group>"; };
		D71C915A20DF18FB008C8B96 /* Triangle.swift */ = {isa = PBXFileReference; lastKnownFileType = sourcecode.swift; path = Triangle.swift; sourceTree = "<group>"; };
		D756A35C20F1D32F0079AEAF /* Rectangle.swift */ = {isa = PBXFileReference; lastKnownFileType = sourcecode.swift; path = Rectangle.swift; sourceTree = "<group>"; };
		D78F9F9621200B08008634FC /* Matrix.swift */ = {isa = PBXFileReference; lastKnownFileType = sourcecode.swift; path = Matrix.swift; sourceTree = "<group>"; };
		D7AFF1B821141E2500CF120F /* zelda.png */ = {isa = PBXFileReference; lastKnownFileType = image.png; path = zelda.png; sourceTree = "<group>"; };
		D7C7C0FB20E1FE31001CAF70 /* Main.storyboard */ = {isa = PBXFileReference; fileEncoding = 4; lastKnownFileType = file.storyboard; path = Main.storyboard; sourceTree = "<group>"; };
		D7C7C0FC20E1FE31001CAF70 /* LaunchScreen.storyboard */ = {isa = PBXFileReference; fileEncoding = 4; lastKnownFileType = file.storyboard; path = LaunchScreen.storyboard; sourceTree = "<group>"; };
		D7D9B9E7202587C0000C79B7 /* Metal Midget.app */ = {isa = PBXFileReference; explicitFileType = wrapper.application; includeInIndex = 0; path = "Metal Midget.app"; sourceTree = BUILT_PRODUCTS_DIR; };
		D7D9B9EA202587C0000C79B7 /* AppDelegate.swift */ = {isa = PBXFileReference; lastKnownFileType = sourcecode.swift; path = AppDelegate.swift; sourceTree = "<group>"; };
		D7D9B9EC202587C0000C79B7 /* MetalViewController.swift */ = {isa = PBXFileReference; lastKnownFileType = sourcecode.swift; path = MetalViewController.swift; sourceTree = "<group>"; };
		D7D9B9F6202587C0000C79B7 /* Info.plist */ = {isa = PBXFileReference; lastKnownFileType = text.plist.xml; path = Info.plist; sourceTree = "<group>"; };
		D7D9B9FC20258F93000C79B7 /* Shaders.metal */ = {isa = PBXFileReference; lastKnownFileType = sourcecode.metal; path = Shaders.metal; sourceTree = "<group>"; };
/* End PBXFileReference section */

/* Begin PBXFrameworksBuildPhase section */
		D7D9B9E4202587C0000C79B7 /* Frameworks */ = {
			isa = PBXFrameworksBuildPhase;
			buildActionMask = 2147483647;
			files = (
			);
			runOnlyForDeploymentPostprocessing = 0;
		};
/* End PBXFrameworksBuildPhase section */

/* Begin PBXGroup section */
		D7D9B9DE202587C0000C79B7 = {
			isa = PBXGroup;
			children = (
				D7D9B9E9202587C0000C79B7 /* Metal Midget */,
				D7D9B9E8202587C0000C79B7 /* Products */,
			);
			sourceTree = "<group>";
		};
		D7D9B9E8202587C0000C79B7 /* Products */ = {
			isa = PBXGroup;
			children = (
				D7D9B9E7202587C0000C79B7 /* Metal Midget.app */,
			);
			name = Products;
			sourceTree = "<group>";
		};
		D7D9B9E9202587C0000C79B7 /* Metal Midget */ = {
			isa = PBXGroup;
			children = (
				D7AFF1B821141E2500CF120F /* zelda.png */,
				D7C7C0FC20E1FE31001CAF70 /* LaunchScreen.storyboard */,
				D7C7C0FB20E1FE31001CAF70 /* Main.storyboard */,
				D7D9B9EA202587C0000C79B7 /* AppDelegate.swift */,
				D7D9B9EC202587C0000C79B7 /* MetalViewController.swift */,
				D7D9B9FC20258F93000C79B7 /* Shaders.metal */,
				D7D9B9F6202587C0000C79B7 /* Info.plist */,
				D71C915620DF155C008C8B96 /* Vertex.swift */,
				D71C915820DF173F008C8B96 /* Node.swift */,
				D71C915A20DF18FB008C8B96 /* Triangle.swift */,
				D756A35C20F1D32F0079AEAF /* Rectangle.swift */,
				D78F9F9621200B08008634FC /* Matrix.swift */,
				D7147D172173A412006E6FA5 /* SceneViewController.swift */,
			);
			path = "Metal Midget";
			sourceTree = "<group>";
		};
/* End PBXGroup section */

/* Begin PBXNativeTarget section */
		D7D9B9E6202587C0000C79B7 /* Metal Midget */ = {
			isa = PBXNativeTarget;
			buildConfigurationList = D7D9B9F9202587C0000C79B7 /* Build configuration list for PBXNativeTarget "Metal Midget" */;
			buildPhases = (
				D7D9B9E3202587C0000C79B7 /* Sources */,
				D7D9B9E4202587C0000C79B7 /* Frameworks */,
				D7D9B9E5202587C0000C79B7 /* Resources */,
			);
			buildRules = (
			);
			dependencies = (
			);
			name = "Metal Midget";
			productName = "Metal Midget";
			productReference = D7D9B9E7202587C0000C79B7 /* Metal Midget.app */;
			productType = "com.apple.product-type.application";
		};
/* End PBXNativeTarget section */

/* Begin PBXProject section */
		D7D9B9DF202587C0000C79B7 /* Project object */ = {
			isa = PBXProject;
			attributes = {
				LastSwiftUpdateCheck = 0920;
				LastUpgradeCheck = 0940;
				ORGANIZATIONNAME = "Robert Pyzalski";
				TargetAttributes = {
					D7D9B9E6202587C0000C79B7 = {
						CreatedOnToolsVersion = 9.2;
						LastSwiftMigration = 1000;
						ProvisioningStyle = Automatic;
					};
				};
			};
			buildConfigurationList = D7D9B9E2202587C0000C79B7 /* Build configuration list for PBXProject "Metal Midget" */;
			compatibilityVersion = "Xcode 8.0";
			developmentRegion = en;
			hasScannedForEncodings = 0;
			knownRegions = (
				en,
			);
			mainGroup = D7D9B9DE202587C0000C79B7;
			productRefGroup = D7D9B9E8202587C0000C79B7 /* Products */;
			projectDirPath = "";
			projectRoot = "";
			targets = (
				D7D9B9E6202587C0000C79B7 /* Metal Midget */,
			);
		};
/* End PBXProject section */

/* Begin PBXResourcesBuildPhase section */
		D7D9B9E5202587C0000C79B7 /* Resources */ = {
			isa = PBXResourcesBuildPhase;
			buildActionMask = 2147483647;
			files = (
				D7C7C0FE20E1FE31001CAF70 /* LaunchScreen.storyboard in Resources */,
				D7C7C0FD20E1FE31001CAF70 /* Main.storyboard in Resources */,
				D7AFF1B921141E2500CF120F /* zelda.png in Resources */,
			);
			runOnlyForDeploymentPostprocessing = 0;
		};
/* End PBXResourcesBuildPhase section */

/* Begin PBXSourcesBuildPhase section */
		D7D9B9E3202587C0000C79B7 /* Sources */ = {
			isa = PBXSourcesBuildPhase;
			buildActionMask = 2147483647;
			files = (
				D7147D182173A412006E6FA5 /* SceneViewController.swift in Sources */,
				D7D9B9FD20258F93000C79B7 /* Shaders.metal in Sources */,
				D71C915920DF173F008C8B96 /* Node.swift in Sources */,
				D71C915720DF155C008C8B96 /* Vertex.swift in Sources */,
				D756A35D20F1D32F0079AEAF /* Rectangle.swift in Sources */,
				D78F9F9721200B08008634FC /* Matrix.swift in Sources */,
				D71C915B20DF18FB008C8B96 /* Triangle.swift in Sources */,
				D7D9B9ED202587C0000C79B7 /* MetalViewController.swift in Sources */,
				D7D9B9EB202587C0000C79B7 /* AppDelegate.swift in Sources */,
			);
			runOnlyForDeploymentPostprocessing = 0;
		};
/* End PBXSourcesBuildPhase section */

/* Begin XCBuildConfiguration section */
		D7D9B9F7202587C0000C79B7 /* Debug */ = {
			isa = XCBuildConfiguration;
			buildSettings = {
				ALWAYS_SEARCH_USER_PATHS = NO;
				CLANG_ANALYZER_NONNULL = YES;
				CLANG_ANALYZER_NUMBER_OBJECT_CONVERSION = YES_AGGRESSIVE;
				CLANG_CXX_LANGUAGE_STANDARD = "gnu++14";
				CLANG_CXX_LIBRARY = "libc++";
				CLANG_ENABLE_MODULES = YES;
				CLANG_ENABLE_OBJC_ARC = YES;
				CLANG_WARN_BLOCK_CAPTURE_AUTORELEASING = YES;
				CLANG_WARN_BOOL_CONVERSION = YES;
				CLANG_WARN_COMMA = YES;
				CLANG_WARN_CONSTANT_CONVERSION = YES;
				CLANG_WARN_DEPRECATED_OBJC_IMPLEMENTATIONS = YES;
				CLANG_WARN_DIRECT_OBJC_ISA_USAGE = YES_ERROR;
				CLANG_WARN_DOCUMENTATION_COMMENTS = YES;
				CLANG_WARN_EMPTY_BODY = YES;
				CLANG_WARN_ENUM_CONVERSION = YES;
				CLANG_WARN_INFINITE_RECURSION = YES;
				CLANG_WARN_INT_CONVERSION = YES;
				CLANG_WARN_NON_LITERAL_NULL_CONVERSION = YES;
				CLANG_WARN_OBJC_IMPLICIT_RETAIN_SELF = YES;
				CLANG_WARN_OBJC_LITERAL_CONVERSION = YES;
				CLANG_WARN_OBJC_ROOT_CLASS = YES_ERROR;
				CLANG_WARN_RANGE_LOOP_ANALYSIS = YES;
				CLANG_WARN_STRICT_PROTOTYPES = YES;
				CLANG_WARN_SUSPICIOUS_MOVE = YES;
				CLANG_WARN_UNGUARDED_AVAILABILITY = YES_AGGRESSIVE;
				CLANG_WARN_UNREACHABLE_CODE = YES;
				CLANG_WARN__DUPLICATE_METHOD_MATCH = YES;
				CODE_SIGN_IDENTITY = "iPhone Developer";
				COPY_PHASE_STRIP = NO;
				DEBUG_INFORMATION_FORMAT = dwarf;
				ENABLE_STRICT_OBJC_MSGSEND = YES;
				ENABLE_TESTABILITY = YES;
				GCC_C_LANGUAGE_STANDARD = gnu11;
				GCC_DYNAMIC_NO_PIC = NO;
				GCC_NO_COMMON_BLOCKS = YES;
				GCC_OPTIMIZATION_LEVEL = 0;
				GCC_PREPROCESSOR_DEFINITIONS = (
					"DEBUG=1",
					"$(inherited)",
				);
				GCC_WARN_64_TO_32_BIT_CONVERSION = YES;
				GCC_WARN_ABOUT_RETURN_TYPE = YES_ERROR;
				GCC_WARN_UNDECLARED_SELECTOR = YES;
				GCC_WARN_UNINITIALIZED_AUTOS = YES_AGGRESSIVE;
				GCC_WARN_UNUSED_FUNCTION = YES;
				GCC_WARN_UNUSED_VARIABLE = YES;
				IPHONEOS_DEPLOYMENT_TARGET = 11.2;
				MTL_ENABLE_DEBUG_INFO = YES;
				ONLY_ACTIVE_ARCH = YES;
				SDKROOT = iphoneos;
				SWIFT_ACTIVE_COMPILATION_CONDITIONS = DEBUG;
				SWIFT_OPTIMIZATION_LEVEL = "-Onone";
			};
			name = Debug;
		};
		D7D9B9F8202587C0000C79B7 /* Release */ = {
			isa = XCBuildConfiguration;
			buildSettings = {
				ALWAYS_SEARCH_USER_PATHS = NO;
				CLANG_ANALYZER_NONNULL = YES;
				CLANG_ANALYZER_NUMBER_OBJECT_CONVERSION = YES_AGGRESSIVE;
				CLANG_CXX_LANGUAGE_STANDARD = "gnu++14";
				CLANG_CXX_LIBRARY = "libc++";
				CLANG_ENABLE_MODULES = YES;
				CLANG_ENABLE_OBJC_ARC = YES;
				CLANG_WARN_BLOCK_CAPTURE_AUTORELEASING = YES;
				CLANG_WARN_BOOL_CONVERSION = YES;
				CLANG_WARN_COMMA = YES;
				CLANG_WARN_CONSTANT_CONVERSION = YES;
				CLANG_WARN_DEPRECATED_OBJC_IMPLEMENTATIONS = YES;
				CLANG_WARN_DIRECT_OBJC_ISA_USAGE = YES_ERROR;
				CLANG_WARN_DOCUMENTATION_COMMENTS = YES;
				CLANG_WARN_EMPTY_BODY = YES;
				CLANG_WARN_ENUM_CONVERSION = YES;
				CLANG_WARN_INFINITE_RECURSION = YES;
				CLANG_WARN_INT_CONVERSION = YES;
				CLANG_WARN_NON_LITERAL_NULL_CONVERSION = YES;
				CLANG_WARN_OBJC_IMPLICIT_RETAIN_SELF = YES;
				CLANG_WARN_OBJC_LITERAL_CONVERSION = YES;
				CLANG_WARN_OBJC_ROOT_CLASS = YES_ERROR;
				CLANG_WARN_RANGE_LOOP_ANALYSIS = YES;
				CLANG_WARN_STRICT_PROTOTYPES = YES;
				CLANG_WARN_SUSPICIOUS_MOVE = YES;
				CLANG_WARN_UNGUARDED_AVAILABILITY = YES_AGGRESSIVE;
				CLANG_WARN_UNREACHABLE_CODE = YES;
				CLANG_WARN__DUPLICATE_METHOD_MATCH = YES;
				CODE_SIGN_IDENTITY = "iPhone Developer";
				COPY_PHASE_STRIP = NO;
				DEBUG_INFORMATION_FORMAT = "dwarf-with-dsym";
				ENABLE_NS_ASSERTIONS = NO;
				ENABLE_STRICT_OBJC_MSGSEND = YES;
				GCC_C_LANGUAGE_STANDARD = gnu11;
				GCC_NO_COMMON_BLOCKS = YES;
				GCC_WARN_64_TO_32_BIT_CONVERSION = YES;
				GCC_WARN_ABOUT_RETURN_TYPE = YES_ERROR;
				GCC_WARN_UNDECLARED_SELECTOR = YES;
				GCC_WARN_UNINITIALIZED_AUTOS = YES_AGGRESSIVE;
				GCC_WARN_UNUSED_FUNCTION = YES;
				GCC_WARN_UNUSED_VARIABLE = YES;
				IPHONEOS_DEPLOYMENT_TARGET = 11.2;
				MTL_ENABLE_DEBUG_INFO = NO;
				SDKROOT = iphoneos;
				SWIFT_OPTIMIZATION_LEVEL = "-Owholemodule";
				VALIDATE_PRODUCT = YES;
			};
			name = Release;
		};
		D7D9B9FA202587C0000C79B7 /* Debug */ = {
			isa = XCBuildConfiguration;
			buildSettings = {
				ASSETCATALOG_COMPILER_APPICON_NAME = AppIcon;
				CODE_SIGN_STYLE = Automatic;
				DEVELOPMENT_TEAM = KCG435WMLX;
				INFOPLIST_FILE = "Metal Midget/Info.plist";
				LD_RUNPATH_SEARCH_PATHS = "$(inherited) @executable_path/Frameworks";
				PRODUCT_BUNDLE_IDENTIFIER = "com.orbitry.Metal-Midget";
				PRODUCT_NAME = "$(TARGET_NAME)";
				SWIFT_VERSION = 4.2;
				TARGETED_DEVICE_FAMILY = "1,2";
			};
			name = Debug;
		};
		D7D9B9FB202587C0000C79B7 /* Release */ = {
			isa = XCBuildConfiguration;
			buildSettings = {
				ASSETCATALOG_COMPILER_APPICON_NAME = AppIcon;
				CODE_SIGN_STYLE = Automatic;
				DEVELOPMENT_TEAM = KCG435WMLX;
				INFOPLIST_FILE = "Metal Midget/Info.plist";
				LD_RUNPATH_SEARCH_PATHS = "$(inherited) @executable_path/Frameworks";
				PRODUCT_BUNDLE_IDENTIFIER = "com.orbitry.Metal-Midget";
				PRODUCT_NAME = "$(TARGET_NAME)";
				SWIFT_VERSION = 4.2;
				TARGETED_DEVICE_FAMILY = "1,2";
			};
			name = Release;
		};
/* End XCBuildConfiguration section */

/* Begin XCConfigurationList section */
		D7D9B9E2202587C0000C79B7 /* Build configuration list for PBXProject "Metal Midget" */ = {
			isa = XCConfigurationList;
			buildConfigurations = (
				D7D9B9F7202587C0000C79B7 /* Debug */,
				D7D9B9F8202587C0000C79B7 /* Release */,
			);
			defaultConfigurationIsVisible = 0;
			defaultConfigurationName = Release;
		};
		D7D9B9F9202587C0000C79B7 /* Build configuration list for PBXNativeTarget "Metal Midget" */ = {
			isa = XCConfigurationList;
			buildConfigurations = (
				D7D9B9FA202587C0000C79B7 /* Debug */,
				D7D9B9FB202587C0000C79B7 /* Release */,
			);
			defaultConfigurationIsVisible = 0;
			defaultConfigurationName = Release;
		};
/* End XCConfigurationList section */
	};
	rootObject = D7D9B9DF202587C0000C79B7 /* Project object */;
}
